// !$*UTF8*$!
{
	archiveVersion = 1;
	classes = {
	};
	objectVersion = 46;
	objects = {

/* Begin PBXBuildFile section */
		2C0C0B2B1A54BF0A004A0C6C /* GoogleMaps.framework in Frameworks */ = {isa = PBXBuildFile; fileRef = 2C0C0B2A1A54BF0A004A0C6C /* GoogleMaps.framework */; };
		2C0C0B2D1A54BF21004A0C6C /* GoogleMaps.bundle in Resources */ = {isa = PBXBuildFile; fileRef = 2C0C0B2C1A54BF21004A0C6C /* GoogleMaps.bundle */; };
		2C0C0B301A5661AE004A0C6C /* MapViewController.m in Sources */ = {isa = PBXBuildFile; fileRef = 2C0C0B2F1A5661AE004A0C6C /* MapViewController.m */; };
		2C2BC67B1A5C62C9001905F4 /* STPAPIClient+ApplePay.m in Sources */ = {isa = PBXBuildFile; fileRef = 2C2BC66A1A5C62C9001905F4 /* STPAPIClient+ApplePay.m */; };
		2C2BC67C1A5C62C9001905F4 /* Stripe+ApplePay.m in Sources */ = {isa = PBXBuildFile; fileRef = 2C2BC66C1A5C62C9001905F4 /* Stripe+ApplePay.m */; };
		2C2BC67D1A5C62C9001905F4 /* STPAPIClient.m in Sources */ = {isa = PBXBuildFile; fileRef = 2C2BC66E1A5C62C9001905F4 /* STPAPIClient.m */; };
		2C2BC67E1A5C62C9001905F4 /* STPBankAccount.m in Sources */ = {isa = PBXBuildFile; fileRef = 2C2BC6701A5C62C9001905F4 /* STPBankAccount.m */; };
		2C2BC67F1A5C62C9001905F4 /* STPCard.m in Sources */ = {isa = PBXBuildFile; fileRef = 2C2BC6721A5C62C9001905F4 /* STPCard.m */; };
		2C2BC6801A5C62C9001905F4 /* STPToken.m in Sources */ = {isa = PBXBuildFile; fileRef = 2C2BC6741A5C62C9001905F4 /* STPToken.m */; };
		2C2BC6811A5C62C9001905F4 /* Stripe.m in Sources */ = {isa = PBXBuildFile; fileRef = 2C2BC6761A5C62C9001905F4 /* Stripe.m */; };
		2C2BC6821A5C62C9001905F4 /* StripeError.m in Sources */ = {isa = PBXBuildFile; fileRef = 2C2BC6781A5C62C9001905F4 /* StripeError.m */; };
		2C2BC6841A5C6302001905F4 /* Foundation.framework in Frameworks */ = {isa = PBXBuildFile; fileRef = 2C2BC6831A5C6302001905F4 /* Foundation.framework */; };
		2C2BC6861A5C6311001905F4 /* PassKit.framework in Frameworks */ = {isa = PBXBuildFile; fileRef = 2C2BC6851A5C6311001905F4 /* PassKit.framework */; };
		2C68F4F91A588B18005A00FB /* DEGeocodingServices.m in Sources */ = {isa = PBXBuildFile; fileRef = 2C68F4F81A588B18005A00FB /* DEGeocodingServices.m */; };
		6E0D2FBA1A534D1000F1D271 /* PFUser+CurrentInformation.m in Sources */ = {isa = PBXBuildFile; fileRef = 6E0D2FB91A534D1000F1D271 /* PFUser+CurrentInformation.m */; };
		6E0D2FC01A53771800F1D271 /* AVFoundation.framework in Frameworks */ = {isa = PBXBuildFile; fileRef = 6E0D2FBF1A53771800F1D271 /* AVFoundation.framework */; };
		6E0D2FC21A53772200F1D271 /* CoreData.framework in Frameworks */ = {isa = PBXBuildFile; fileRef = 6E0D2FC11A53772200F1D271 /* CoreData.framework */; };
		6E0D2FC41A53773400F1D271 /* CoreText.framework in Frameworks */ = {isa = PBXBuildFile; fileRef = 6E0D2FC31A53773400F1D271 /* CoreText.framework */; };
		6E0D2FC61A53773C00F1D271 /* GLKit.framework in Frameworks */ = {isa = PBXBuildFile; fileRef = 6E0D2FC51A53773C00F1D271 /* GLKit.framework */; };
		6E0D2FC81A53774800F1D271 /* ImageIO.framework in Frameworks */ = {isa = PBXBuildFile; fileRef = 6E0D2FC71A53774800F1D271 /* ImageIO.framework */; };
		6E0D2FCA1A53775700F1D271 /* libc++.dylib in Frameworks */ = {isa = PBXBuildFile; fileRef = 6E0D2FC91A53775700F1D271 /* libc++.dylib */; };
		6E0D2FCC1A53776500F1D271 /* libicucore.dylib in Frameworks */ = {isa = PBXBuildFile; fileRef = 6E0D2FCB1A53776500F1D271 /* libicucore.dylib */; };
		6E0D2FCE1A53777800F1D271 /* OpenGLES.framework in Frameworks */ = {isa = PBXBuildFile; fileRef = 6E0D2FCD1A53777800F1D271 /* OpenGLES.framework */; };
		6E1B31641A51F34F002A7C8C /* AboutMeViewController.m in Sources */ = {isa = PBXBuildFile; fileRef = 6E1B31631A51F34F002A7C8C /* AboutMeViewController.m */; };
		6E4F71951A4F808C004F47C0 /* RestaurantDetailViewController.m in Sources */ = {isa = PBXBuildFile; fileRef = 6E4F71941A4F808C004F47C0 /* RestaurantDetailViewController.m */; };
		6EC567531A29170100F51EFF /* Parse.framework in Frameworks */ = {isa = PBXBuildFile; fileRef = 6EC5674F1A29170100F51EFF /* Parse.framework */; };
		6EC567541A29170100F51EFF /* ParseFacebookUtils.framework in Frameworks */ = {isa = PBXBuildFile; fileRef = 6EC567501A29170100F51EFF /* ParseFacebookUtils.framework */; };
		6EC567551A29170100F51EFF /* ParseUI.framework in Frameworks */ = {isa = PBXBuildFile; fileRef = 6EC567511A29170100F51EFF /* ParseUI.framework */; };
		6EC567571A29172500F51EFF /* AudioToolbox.framework in Frameworks */ = {isa = PBXBuildFile; fileRef = 6EC567561A29172500F51EFF /* AudioToolbox.framework */; };
		6EC567591A29172F00F51EFF /* CFNetwork.framework in Frameworks */ = {isa = PBXBuildFile; fileRef = 6EC567581A29172F00F51EFF /* CFNetwork.framework */; };
		6EC5675B1A29173900F51EFF /* CoreGraphics.framework in Frameworks */ = {isa = PBXBuildFile; fileRef = 6EC5675A1A29173900F51EFF /* CoreGraphics.framework */; };
		6EC5675D1A29174400F51EFF /* CoreLocation.framework in Frameworks */ = {isa = PBXBuildFile; fileRef = 6EC5675C1A29174400F51EFF /* CoreLocation.framework */; };
		6EC5675F1A29175100F51EFF /* libz.dylib in Frameworks */ = {isa = PBXBuildFile; fileRef = 6EC5675E1A29175100F51EFF /* libz.dylib */; };
		6EC567611A29175A00F51EFF /* MobileCoreServices.framework in Frameworks */ = {isa = PBXBuildFile; fileRef = 6EC567601A29175A00F51EFF /* MobileCoreServices.framework */; };
		6EC567631A29176400F51EFF /* QuartzCore.framework in Frameworks */ = {isa = PBXBuildFile; fileRef = 6EC567621A29176400F51EFF /* QuartzCore.framework */; };
		6EC567651A29176C00F51EFF /* Security.framework in Frameworks */ = {isa = PBXBuildFile; fileRef = 6EC567641A29176C00F51EFF /* Security.framework */; };
		6EC567671A29177500F51EFF /* StoreKit.framework in Frameworks */ = {isa = PBXBuildFile; fileRef = 6EC567661A29177500F51EFF /* StoreKit.framework */; };
		6EC567691A29178200F51EFF /* SystemConfiguration.framework in Frameworks */ = {isa = PBXBuildFile; fileRef = 6EC567681A29178200F51EFF /* SystemConfiguration.framework */; };
		6EC5676D1A2919CA00F51EFF /* User.m in Sources */ = {isa = PBXBuildFile; fileRef = 6EC5676C1A2919CA00F51EFF /* User.m */; };
		6EC567701A2919DE00F51EFF /* Restaurant.m in Sources */ = {isa = PBXBuildFile; fileRef = 6EC5676F1A2919DE00F51EFF /* Restaurant.m */; };
		6EC567731A29266F00F51EFF /* LogInViewController.m in Sources */ = {isa = PBXBuildFile; fileRef = 6EC567721A29266F00F51EFF /* LogInViewController.m */; };
		6EC567761A29267E00F51EFF /* SignUpViewController.m in Sources */ = {isa = PBXBuildFile; fileRef = 6EC567751A29267E00F51EFF /* SignUpViewController.m */; };
		6EC567791A29648300F51EFF /* HomeViewController.m in Sources */ = {isa = PBXBuildFile; fileRef = 6EC567781A29648300F51EFF /* HomeViewController.m */; };
		6EC567801A2A630500F51EFF /* CreateRestaurantViewController.m in Sources */ = {isa = PBXBuildFile; fileRef = 6EC5677F1A2A630500F51EFF /* CreateRestaurantViewController.m */; };
		6EE81FC31A2425CE002E93C7 /* main.m in Sources */ = {isa = PBXBuildFile; fileRef = 6EE81FC21A2425CE002E93C7 /* main.m */; };
		6EE81FC61A2425CE002E93C7 /* AppDelegate.m in Sources */ = {isa = PBXBuildFile; fileRef = 6EE81FC51A2425CE002E93C7 /* AppDelegate.m */; };
		6EE81FC91A2425CE002E93C7 /* MainViewController.m in Sources */ = {isa = PBXBuildFile; fileRef = 6EE81FC81A2425CE002E93C7 /* MainViewController.m */; };
		6EE81FCC1A2425CE002E93C7 /* Main.storyboard in Resources */ = {isa = PBXBuildFile; fileRef = 6EE81FCA1A2425CE002E93C7 /* Main.storyboard */; };
		6EE81FCE1A2425CE002E93C7 /* Images.xcassets in Resources */ = {isa = PBXBuildFile; fileRef = 6EE81FCD1A2425CE002E93C7 /* Images.xcassets */; };
		6EE81FD11A2425CE002E93C7 /* LaunchScreen.xib in Resources */ = {isa = PBXBuildFile; fileRef = 6EE81FCF1A2425CE002E93C7 /* LaunchScreen.xib */; };
		6EE81FDD1A2425CE002E93C7 /* DelivryTests.m in Sources */ = {isa = PBXBuildFile; fileRef = 6EE81FDC1A2425CE002E93C7 /* DelivryTests.m */; };
		7A8932EA1A4E6A050060AFC8 /* RestaurantTableViewCell.m in Sources */ = {isa = PBXBuildFile; fileRef = 7A8932E81A4E6A050060AFC8 /* RestaurantTableViewCell.m */; };
		7A8932EB1A4E6A050060AFC8 /* RestaurantTableViewCell.xib in Resources */ = {isa = PBXBuildFile; fileRef = 7A8932E91A4E6A050060AFC8 /* RestaurantTableViewCell.xib */; };
		7AD9FA971A4B4F210021611D /* RestaurantTableViewController.m in Sources */ = {isa = PBXBuildFile; fileRef = 7AD9FA961A4B4F210021611D /* RestaurantTableViewController.m */; };
		7AD9FA9B1A4B73A10021611D /* FacebookSDK.framework in Frameworks */ = {isa = PBXBuildFile; fileRef = 7AD9FA9A1A4B73A10021611D /* FacebookSDK.framework */; };
/* End PBXBuildFile section */

/* Begin PBXContainerItemProxy section */
		6EE81FD71A2425CE002E93C7 /* PBXContainerItemProxy */ = {
			isa = PBXContainerItemProxy;
			containerPortal = 6EE81FB51A2425CD002E93C7 /* Project object */;
			proxyType = 1;
			remoteGlobalIDString = 6EE81FBC1A2425CD002E93C7;
			remoteInfo = Delivry;
		};
/* End PBXContainerItemProxy section */

/* Begin PBXFileReference section */
		2C0C0B2A1A54BF0A004A0C6C /* GoogleMaps.framework */ = {isa = PBXFileReference; lastKnownFileType = wrapper.framework; path = GoogleMaps.framework; sourceTree = "<group>"; };
		2C0C0B2C1A54BF21004A0C6C /* GoogleMaps.bundle */ = {isa = PBXFileReference; lastKnownFileType = "wrapper.plug-in"; name = GoogleMaps.bundle; path = GoogleMaps.framework/Versions/A/Resources/GoogleMaps.bundle; sourceTree = "<group>"; };
		2C0C0B2E1A5661AE004A0C6C /* MapViewController.h */ = {isa = PBXFileReference; fileEncoding = 4; lastKnownFileType = sourcecode.c.h; path = MapViewController.h; sourceTree = "<group>"; };
		2C0C0B2F1A5661AE004A0C6C /* MapViewController.m */ = {isa = PBXFileReference; fileEncoding = 4; lastKnownFileType = sourcecode.c.objc; path = MapViewController.m; sourceTree = "<group>"; };
		2C0C0B381A5883B5004A0C6C /* DEGeocodingServices.h */ = {isa = PBXFileReference; fileEncoding = 4; lastKnownFileType = sourcecode.c.h; path = DEGeocodingServices.h; sourceTree = "<group>"; };
		2C2BC6691A5C62C9001905F4 /* STPAPIClient+ApplePay.h */ = {isa = PBXFileReference; fileEncoding = 4; lastKnownFileType = sourcecode.c.h; path = "STPAPIClient+ApplePay.h"; sourceTree = "<group>"; };
		2C2BC66A1A5C62C9001905F4 /* STPAPIClient+ApplePay.m */ = {isa = PBXFileReference; fileEncoding = 4; lastKnownFileType = sourcecode.c.objc; path = "STPAPIClient+ApplePay.m"; sourceTree = "<group>"; };
		2C2BC66B1A5C62C9001905F4 /* Stripe+ApplePay.h */ = {isa = PBXFileReference; fileEncoding = 4; lastKnownFileType = sourcecode.c.h; path = "Stripe+ApplePay.h"; sourceTree = "<group>"; };
		2C2BC66C1A5C62C9001905F4 /* Stripe+ApplePay.m */ = {isa = PBXFileReference; fileEncoding = 4; lastKnownFileType = sourcecode.c.objc; path = "Stripe+ApplePay.m"; sourceTree = "<group>"; };
		2C2BC66D1A5C62C9001905F4 /* STPAPIClient.h */ = {isa = PBXFileReference; fileEncoding = 4; lastKnownFileType = sourcecode.c.h; path = STPAPIClient.h; sourceTree = "<group>"; };
		2C2BC66E1A5C62C9001905F4 /* STPAPIClient.m */ = {isa = PBXFileReference; fileEncoding = 4; lastKnownFileType = sourcecode.c.objc; path = STPAPIClient.m; sourceTree = "<group>"; };
		2C2BC66F1A5C62C9001905F4 /* STPBankAccount.h */ = {isa = PBXFileReference; fileEncoding = 4; lastKnownFileType = sourcecode.c.h; path = STPBankAccount.h; sourceTree = "<group>"; };
		2C2BC6701A5C62C9001905F4 /* STPBankAccount.m */ = {isa = PBXFileReference; fileEncoding = 4; lastKnownFileType = sourcecode.c.objc; path = STPBankAccount.m; sourceTree = "<group>"; };
		2C2BC6711A5C62C9001905F4 /* STPCard.h */ = {isa = PBXFileReference; fileEncoding = 4; lastKnownFileType = sourcecode.c.h; path = STPCard.h; sourceTree = "<group>"; };
		2C2BC6721A5C62C9001905F4 /* STPCard.m */ = {isa = PBXFileReference; fileEncoding = 4; lastKnownFileType = sourcecode.c.objc; path = STPCard.m; sourceTree = "<group>"; };
		2C2BC6731A5C62C9001905F4 /* STPToken.h */ = {isa = PBXFileReference; fileEncoding = 4; lastKnownFileType = sourcecode.c.h; path = STPToken.h; sourceTree = "<group>"; };
		2C2BC6741A5C62C9001905F4 /* STPToken.m */ = {isa = PBXFileReference; fileEncoding = 4; lastKnownFileType = sourcecode.c.objc; path = STPToken.m; sourceTree = "<group>"; };
		2C2BC6751A5C62C9001905F4 /* Stripe.h */ = {isa = PBXFileReference; fileEncoding = 4; lastKnownFileType = sourcecode.c.h; path = Stripe.h; sourceTree = "<group>"; };
		2C2BC6761A5C62C9001905F4 /* Stripe.m */ = {isa = PBXFileReference; fileEncoding = 4; lastKnownFileType = sourcecode.c.objc; path = Stripe.m; sourceTree = "<group>"; };
		2C2BC6771A5C62C9001905F4 /* StripeError.h */ = {isa = PBXFileReference; fileEncoding = 4; lastKnownFileType = sourcecode.c.h; path = StripeError.h; sourceTree = "<group>"; };
		2C2BC6781A5C62C9001905F4 /* StripeError.m */ = {isa = PBXFileReference; fileEncoding = 4; lastKnownFileType = sourcecode.c.objc; path = StripeError.m; sourceTree = "<group>"; };
		2C2BC67A1A5C62C9001905F4 /* Stripe-Prefix.pch */ = {isa = PBXFileReference; fileEncoding = 4; lastKnownFileType = sourcecode.c.h; path = "Stripe-Prefix.pch"; sourceTree = "<group>"; };
		2C2BC6831A5C6302001905F4 /* Foundation.framework */ = {isa = PBXFileReference; lastKnownFileType = wrapper.framework; name = Foundation.framework; path = System/Library/Frameworks/Foundation.framework; sourceTree = SDKROOT; };
		2C2BC6851A5C6311001905F4 /* PassKit.framework */ = {isa = PBXFileReference; lastKnownFileType = wrapper.framework; name = PassKit.framework; path = System/Library/Frameworks/PassKit.framework; sourceTree = SDKROOT; };
		2C68F4F81A588B18005A00FB /* DEGeocodingServices.m */ = {isa = PBXFileReference; fileEncoding = 4; lastKnownFileType = sourcecode.c.objc; path = DEGeocodingServices.m; sourceTree = "<group>"; };
		6E0D2FB81A534D1000F1D271 /* PFUser+CurrentInformation.h */ = {isa = PBXFileReference; fileEncoding = 4; lastKnownFileType = sourcecode.c.h; path = "PFUser+CurrentInformation.h"; sourceTree = "<group>"; };
		6E0D2FB91A534D1000F1D271 /* PFUser+CurrentInformation.m */ = {isa = PBXFileReference; fileEncoding = 4; lastKnownFileType = sourcecode.c.objc; path = "PFUser+CurrentInformation.m"; sourceTree = "<group>"; };
		6E0D2FBF1A53771800F1D271 /* AVFoundation.framework */ = {isa = PBXFileReference; lastKnownFileType = wrapper.framework; name = AVFoundation.framework; path = System/Library/Frameworks/AVFoundation.framework; sourceTree = SDKROOT; };
		6E0D2FC11A53772200F1D271 /* CoreData.framework */ = {isa = PBXFileReference; lastKnownFileType = wrapper.framework; name = CoreData.framework; path = System/Library/Frameworks/CoreData.framework; sourceTree = SDKROOT; };
		6E0D2FC31A53773400F1D271 /* CoreText.framework */ = {isa = PBXFileReference; lastKnownFileType = wrapper.framework; name = CoreText.framework; path = System/Library/Frameworks/CoreText.framework; sourceTree = SDKROOT; };
		6E0D2FC51A53773C00F1D271 /* GLKit.framework */ = {isa = PBXFileReference; lastKnownFileType = wrapper.framework; name = GLKit.framework; path = System/Library/Frameworks/GLKit.framework; sourceTree = SDKROOT; };
		6E0D2FC71A53774800F1D271 /* ImageIO.framework */ = {isa = PBXFileReference; lastKnownFileType = wrapper.framework; name = ImageIO.framework; path = System/Library/Frameworks/ImageIO.framework; sourceTree = SDKROOT; };
		6E0D2FC91A53775700F1D271 /* libc++.dylib */ = {isa = PBXFileReference; lastKnownFileType = "compiled.mach-o.dylib"; name = "libc++.dylib"; path = "usr/lib/libc++.dylib"; sourceTree = SDKROOT; };
		6E0D2FCB1A53776500F1D271 /* libicucore.dylib */ = {isa = PBXFileReference; lastKnownFileType = "compiled.mach-o.dylib"; name = libicucore.dylib; path = usr/lib/libicucore.dylib; sourceTree = SDKROOT; };
		6E0D2FCD1A53777800F1D271 /* OpenGLES.framework */ = {isa = PBXFileReference; lastKnownFileType = wrapper.framework; name = OpenGLES.framework; path = System/Library/Frameworks/OpenGLES.framework; sourceTree = SDKROOT; };
		6E1B31621A51F34F002A7C8C /* AboutMeViewController.h */ = {isa = PBXFileReference; fileEncoding = 4; lastKnownFileType = sourcecode.c.h; path = AboutMeViewController.h; sourceTree = "<group>"; };
		6E1B31631A51F34F002A7C8C /* AboutMeViewController.m */ = {isa = PBXFileReference; fileEncoding = 4; lastKnownFileType = sourcecode.c.objc; path = AboutMeViewController.m; sourceTree = "<group>"; };
		6E4F71931A4F808C004F47C0 /* RestaurantDetailViewController.h */ = {isa = PBXFileReference; fileEncoding = 4; lastKnownFileType = sourcecode.c.h; path = RestaurantDetailViewController.h; sourceTree = "<group>"; };
		6E4F71941A4F808C004F47C0 /* RestaurantDetailViewController.m */ = {isa = PBXFileReference; fileEncoding = 4; lastKnownFileType = sourcecode.c.objc; path = RestaurantDetailViewController.m; sourceTree = "<group>"; };
		6EC5674F1A29170100F51EFF /* Parse.framework */ = {isa = PBXFileReference; lastKnownFileType = wrapper.framework; name = Parse.framework; path = Delivry/Parse.framework; sourceTree = "<group>"; };
		6EC567501A29170100F51EFF /* ParseFacebookUtils.framework */ = {isa = PBXFileReference; lastKnownFileType = wrapper.framework; name = ParseFacebookUtils.framework; path = Delivry/ParseFacebookUtils.framework; sourceTree = "<group>"; };
		6EC567511A29170100F51EFF /* ParseUI.framework */ = {isa = PBXFileReference; lastKnownFileType = wrapper.framework; name = ParseUI.framework; path = Delivry/ParseUI.framework; sourceTree = "<group>"; };
		6EC567561A29172500F51EFF /* AudioToolbox.framework */ = {isa = PBXFileReference; lastKnownFileType = wrapper.framework; name = AudioToolbox.framework; path = System/Library/Frameworks/AudioToolbox.framework; sourceTree = SDKROOT; };
		6EC567581A29172F00F51EFF /* CFNetwork.framework */ = {isa = PBXFileReference; lastKnownFileType = wrapper.framework; name = CFNetwork.framework; path = System/Library/Frameworks/CFNetwork.framework; sourceTree = SDKROOT; };
		6EC5675A1A29173900F51EFF /* CoreGraphics.framework */ = {isa = PBXFileReference; lastKnownFileType = wrapper.framework; name = CoreGraphics.framework; path = System/Library/Frameworks/CoreGraphics.framework; sourceTree = SDKROOT; };
		6EC5675C1A29174400F51EFF /* CoreLocation.framework */ = {isa = PBXFileReference; lastKnownFileType = wrapper.framework; name = CoreLocation.framework; path = System/Library/Frameworks/CoreLocation.framework; sourceTree = SDKROOT; };
		6EC5675E1A29175100F51EFF /* libz.dylib */ = {isa = PBXFileReference; lastKnownFileType = "compiled.mach-o.dylib"; name = libz.dylib; path = usr/lib/libz.dylib; sourceTree = SDKROOT; };
		6EC567601A29175A00F51EFF /* MobileCoreServices.framework */ = {isa = PBXFileReference; lastKnownFileType = wrapper.framework; name = MobileCoreServices.framework; path = System/Library/Frameworks/MobileCoreServices.framework; sourceTree = SDKROOT; };
		6EC567621A29176400F51EFF /* QuartzCore.framework */ = {isa = PBXFileReference; lastKnownFileType = wrapper.framework; name = QuartzCore.framework; path = System/Library/Frameworks/QuartzCore.framework; sourceTree = SDKROOT; };
		6EC567641A29176C00F51EFF /* Security.framework */ = {isa = PBXFileReference; lastKnownFileType = wrapper.framework; name = Security.framework; path = System/Library/Frameworks/Security.framework; sourceTree = SDKROOT; };
		6EC567661A29177500F51EFF /* StoreKit.framework */ = {isa = PBXFileReference; lastKnownFileType = wrapper.framework; name = StoreKit.framework; path = System/Library/Frameworks/StoreKit.framework; sourceTree = SDKROOT; };
		6EC567681A29178200F51EFF /* SystemConfiguration.framework */ = {isa = PBXFileReference; lastKnownFileType = wrapper.framework; name = SystemConfiguration.framework; path = System/Library/Frameworks/SystemConfiguration.framework; sourceTree = SDKROOT; };
		6EC5676B1A2919CA00F51EFF /* User.h */ = {isa = PBXFileReference; fileEncoding = 4; lastKnownFileType = sourcecode.c.h; path = User.h; sourceTree = "<group>"; };
		6EC5676C1A2919CA00F51EFF /* User.m */ = {isa = PBXFileReference; fileEncoding = 4; lastKnownFileType = sourcecode.c.objc; path = User.m; sourceTree = "<group>"; };
		6EC5676E1A2919DE00F51EFF /* Restaurant.h */ = {isa = PBXFileReference; fileEncoding = 4; lastKnownFileType = sourcecode.c.h; path = Restaurant.h; sourceTree = "<group>"; };
		6EC5676F1A2919DE00F51EFF /* Restaurant.m */ = {isa = PBXFileReference; fileEncoding = 4; lastKnownFileType = sourcecode.c.objc; path = Restaurant.m; sourceTree = "<group>"; };
		6EC567711A29266F00F51EFF /* LogInViewController.h */ = {isa = PBXFileReference; fileEncoding = 4; lastKnownFileType = sourcecode.c.h; path = LogInViewController.h; sourceTree = "<group>"; };
		6EC567721A29266F00F51EFF /* LogInViewController.m */ = {isa = PBXFileReference; fileEncoding = 4; lastKnownFileType = sourcecode.c.objc; path = LogInViewController.m; sourceTree = "<group>"; };
		6EC567741A29267E00F51EFF /* SignUpViewController.h */ = {isa = PBXFileReference; fileEncoding = 4; lastKnownFileType = sourcecode.c.h; path = SignUpViewController.h; sourceTree = "<group>"; };
		6EC567751A29267E00F51EFF /* SignUpViewController.m */ = {isa = PBXFileReference; fileEncoding = 4; lastKnownFileType = sourcecode.c.objc; path = SignUpViewController.m; sourceTree = "<group>"; };
		6EC567771A29648200F51EFF /* HomeViewController.h */ = {isa = PBXFileReference; fileEncoding = 4; lastKnownFileType = sourcecode.c.h; path = HomeViewController.h; sourceTree = "<group>"; };
		6EC567781A29648300F51EFF /* HomeViewController.m */ = {isa = PBXFileReference; fileEncoding = 4; lastKnownFileType = sourcecode.c.objc; path = HomeViewController.m; sourceTree = "<group>"; };
		6EC5677E1A2A630500F51EFF /* CreateRestaurantViewController.h */ = {isa = PBXFileReference; fileEncoding = 4; lastKnownFileType = sourcecode.c.h; path = CreateRestaurantViewController.h; sourceTree = "<group>"; };
		6EC5677F1A2A630500F51EFF /* CreateRestaurantViewController.m */ = {isa = PBXFileReference; fileEncoding = 4; lastKnownFileType = sourcecode.c.objc; path = CreateRestaurantViewController.m; sourceTree = "<group>"; };
		6EE81FBD1A2425CE002E93C7 /* Delivry.app */ = {isa = PBXFileReference; explicitFileType = wrapper.application; includeInIndex = 0; path = Delivry.app; sourceTree = BUILT_PRODUCTS_DIR; };
		6EE81FC11A2425CE002E93C7 /* Info.plist */ = {isa = PBXFileReference; lastKnownFileType = text.plist.xml; path = Info.plist; sourceTree = "<group>"; };
		6EE81FC21A2425CE002E93C7 /* main.m */ = {isa = PBXFileReference; lastKnownFileType = sourcecode.c.objc; path = main.m; sourceTree = "<group>"; };
		6EE81FC41A2425CE002E93C7 /* AppDelegate.h */ = {isa = PBXFileReference; lastKnownFileType = sourcecode.c.h; path = AppDelegate.h; sourceTree = "<group>"; };
		6EE81FC51A2425CE002E93C7 /* AppDelegate.m */ = {isa = PBXFileReference; lastKnownFileType = sourcecode.c.objc; path = AppDelegate.m; sourceTree = "<group>"; };
		6EE81FC71A2425CE002E93C7 /* MainViewController.h */ = {isa = PBXFileReference; lastKnownFileType = sourcecode.c.h; path = MainViewController.h; sourceTree = "<group>"; };
		6EE81FC81A2425CE002E93C7 /* MainViewController.m */ = {isa = PBXFileReference; lastKnownFileType = sourcecode.c.objc; path = MainViewController.m; sourceTree = "<group>"; };
		6EE81FCB1A2425CE002E93C7 /* Base */ = {isa = PBXFileReference; lastKnownFileType = file.storyboard; name = Base; path = Base.lproj/Main.storyboard; sourceTree = "<group>"; };
		6EE81FCD1A2425CE002E93C7 /* Images.xcassets */ = {isa = PBXFileReference; lastKnownFileType = folder.assetcatalog; path = Images.xcassets; sourceTree = "<group>"; };
		6EE81FD01A2425CE002E93C7 /* Base */ = {isa = PBXFileReference; lastKnownFileType = file.xib; name = Base; path = Base.lproj/LaunchScreen.xib; sourceTree = "<group>"; };
		6EE81FD61A2425CE002E93C7 /* DelivryTests.xctest */ = {isa = PBXFileReference; explicitFileType = wrapper.cfbundle; includeInIndex = 0; path = DelivryTests.xctest; sourceTree = BUILT_PRODUCTS_DIR; };
		6EE81FDB1A2425CE002E93C7 /* Info.plist */ = {isa = PBXFileReference; lastKnownFileType = text.plist.xml; path = Info.plist; sourceTree = "<group>"; };
		6EE81FDC1A2425CE002E93C7 /* DelivryTests.m */ = {isa = PBXFileReference; lastKnownFileType = sourcecode.c.objc; path = DelivryTests.m; sourceTree = "<group>"; };
		7A8932E71A4E6A050060AFC8 /* RestaurantTableViewCell.h */ = {isa = PBXFileReference; fileEncoding = 4; lastKnownFileType = sourcecode.c.h; path = RestaurantTableViewCell.h; sourceTree = "<group>"; };
		7A8932E81A4E6A050060AFC8 /* RestaurantTableViewCell.m */ = {isa = PBXFileReference; fileEncoding = 4; lastKnownFileType = sourcecode.c.objc; path = RestaurantTableViewCell.m; sourceTree = "<group>"; };
		7A8932E91A4E6A050060AFC8 /* RestaurantTableViewCell.xib */ = {isa = PBXFileReference; fileEncoding = 4; lastKnownFileType = file.xib; path = RestaurantTableViewCell.xib; sourceTree = "<group>"; };
		7AD9FA951A4B4F210021611D /* RestaurantTableViewController.h */ = {isa = PBXFileReference; fileEncoding = 4; lastKnownFileType = sourcecode.c.h; path = RestaurantTableViewController.h; sourceTree = "<group>"; };
		7AD9FA961A4B4F210021611D /* RestaurantTableViewController.m */ = {isa = PBXFileReference; fileEncoding = 4; lastKnownFileType = sourcecode.c.objc; path = RestaurantTableViewController.m; sourceTree = "<group>"; };
		7AD9FA9A1A4B73A10021611D /* FacebookSDK.framework */ = {isa = PBXFileReference; lastKnownFileType = wrapper.framework; path = FacebookSDK.framework; sourceTree = "<group>"; };
/* End PBXFileReference section */

/* Begin PBXFrameworksBuildPhase section */
		6EE81FBA1A2425CD002E93C7 /* Frameworks */ = {
			isa = PBXFrameworksBuildPhase;
			buildActionMask = 2147483647;
			files = (
				2C2BC6861A5C6311001905F4 /* PassKit.framework in Frameworks */,
				6EC567651A29176C00F51EFF /* Security.framework in Frameworks */,
				2C2BC6841A5C6302001905F4 /* Foundation.framework in Frameworks */,
				6EC567691A29178200F51EFF /* SystemConfiguration.framework in Frameworks */,
				6EC567631A29176400F51EFF /* QuartzCore.framework in Frameworks */,
				6E0D2FCE1A53777800F1D271 /* OpenGLES.framework in Frameworks */,
				6EC5675F1A29175100F51EFF /* libz.dylib in Frameworks */,
				6E0D2FCC1A53776500F1D271 /* libicucore.dylib in Frameworks */,
				6E0D2FCA1A53775700F1D271 /* libc++.dylib in Frameworks */,
				2C0C0B2B1A54BF0A004A0C6C /* GoogleMaps.framework in Frameworks */,
				6E0D2FC81A53774800F1D271 /* ImageIO.framework in Frameworks */,
				6E0D2FC61A53773C00F1D271 /* GLKit.framework in Frameworks */,
				6E0D2FC41A53773400F1D271 /* CoreText.framework in Frameworks */,
				6EC5675D1A29174400F51EFF /* CoreLocation.framework in Frameworks */,
				6E0D2FC21A53772200F1D271 /* CoreData.framework in Frameworks */,
				6E0D2FC01A53771800F1D271 /* AVFoundation.framework in Frameworks */,
				6EC567671A29177500F51EFF /* StoreKit.framework in Frameworks */,
				6EC567611A29175A00F51EFF /* MobileCoreServices.framework in Frameworks */,
				6EC5675B1A29173900F51EFF /* CoreGraphics.framework in Frameworks */,
				6EC567591A29172F00F51EFF /* CFNetwork.framework in Frameworks */,
				6EC567571A29172500F51EFF /* AudioToolbox.framework in Frameworks */,
				6EC567531A29170100F51EFF /* Parse.framework in Frameworks */,
				7AD9FA9B1A4B73A10021611D /* FacebookSDK.framework in Frameworks */,
				6EC567551A29170100F51EFF /* ParseUI.framework in Frameworks */,
				6EC567541A29170100F51EFF /* ParseFacebookUtils.framework in Frameworks */,
			);
			runOnlyForDeploymentPostprocessing = 0;
		};
		6EE81FD31A2425CE002E93C7 /* Frameworks */ = {
			isa = PBXFrameworksBuildPhase;
			buildActionMask = 2147483647;
			files = (
			);
			runOnlyForDeploymentPostprocessing = 0;
		};
/* End PBXFrameworksBuildPhase section */

/* Begin PBXGroup section */
		2C2BC6671A5C62C9001905F4 /* Stripe */ = {
			isa = PBXGroup;
			children = (
				2C2BC6681A5C62C9001905F4 /* ApplePay */,
				2C2BC66D1A5C62C9001905F4 /* STPAPIClient.h */,
				2C2BC66E1A5C62C9001905F4 /* STPAPIClient.m */,
				2C2BC66F1A5C62C9001905F4 /* STPBankAccount.h */,
				2C2BC6701A5C62C9001905F4 /* STPBankAccount.m */,
				2C2BC6711A5C62C9001905F4 /* STPCard.h */,
				2C2BC6721A5C62C9001905F4 /* STPCard.m */,
				2C2BC6731A5C62C9001905F4 /* STPToken.h */,
				2C2BC6741A5C62C9001905F4 /* STPToken.m */,
				2C2BC6751A5C62C9001905F4 /* Stripe.h */,
				2C2BC6761A5C62C9001905F4 /* Stripe.m */,
				2C2BC6771A5C62C9001905F4 /* StripeError.h */,
				2C2BC6781A5C62C9001905F4 /* StripeError.m */,
				2C2BC6791A5C62C9001905F4 /* Supporting Files */,
			);
			name = Stripe;
			path = Delivry/Stripe;
			sourceTree = "<group>";
		};
		2C2BC6681A5C62C9001905F4 /* ApplePay */ = {
			isa = PBXGroup;
			children = (
				2C2BC6691A5C62C9001905F4 /* STPAPIClient+ApplePay.h */,
				2C2BC66A1A5C62C9001905F4 /* STPAPIClient+ApplePay.m */,
				2C2BC66B1A5C62C9001905F4 /* Stripe+ApplePay.h */,
				2C2BC66C1A5C62C9001905F4 /* Stripe+ApplePay.m */,
			);
			path = ApplePay;
			sourceTree = "<group>";
		};
		2C2BC6791A5C62C9001905F4 /* Supporting Files */ = {
			isa = PBXGroup;
			children = (
				2C2BC67A1A5C62C9001905F4 /* Stripe-Prefix.pch */,
			);
			path = "Supporting Files";
			sourceTree = "<group>";
		};
		6EC5676A1A2917EF00F51EFF /* Frameworks */ = {
			isa = PBXGroup;
			children = (
				2C2BC6851A5C6311001905F4 /* PassKit.framework */,
				2C2BC6831A5C6302001905F4 /* Foundation.framework */,
				2C0C0B2C1A54BF21004A0C6C /* GoogleMaps.bundle */,
				2C0C0B2A1A54BF0A004A0C6C /* GoogleMaps.framework */,
				6E0D2FCD1A53777800F1D271 /* OpenGLES.framework */,
				6E0D2FCB1A53776500F1D271 /* libicucore.dylib */,
				6E0D2FC91A53775700F1D271 /* libc++.dylib */,
				6E0D2FC71A53774800F1D271 /* ImageIO.framework */,
				6E0D2FC51A53773C00F1D271 /* GLKit.framework */,
				6E0D2FC31A53773400F1D271 /* CoreText.framework */,
				6E0D2FC11A53772200F1D271 /* CoreData.framework */,
				6E0D2FBF1A53771800F1D271 /* AVFoundation.framework */,
				7AD9FA9A1A4B73A10021611D /* FacebookSDK.framework */,
				6EC567501A29170100F51EFF /* ParseFacebookUtils.framework */,
				6EC5674F1A29170100F51EFF /* Parse.framework */,
				6EC567581A29172F00F51EFF /* CFNetwork.framework */,
				6EC567561A29172500F51EFF /* AudioToolbox.framework */,
				6EC5675C1A29174400F51EFF /* CoreLocation.framework */,
				6EC5675E1A29175100F51EFF /* libz.dylib */,
				6EC567511A29170100F51EFF /* ParseUI.framework */,
				6EC5675A1A29173900F51EFF /* CoreGraphics.framework */,
				6EC567601A29175A00F51EFF /* MobileCoreServices.framework */,
				6EC567621A29176400F51EFF /* QuartzCore.framework */,
				6EC567641A29176C00F51EFF /* Security.framework */,
				6EC567661A29177500F51EFF /* StoreKit.framework */,
				6EC567681A29178200F51EFF /* SystemConfiguration.framework */,
			);
			name = Frameworks;
			sourceTree = "<group>";
		};
		6EE81FB41A2425CD002E93C7 = {
			isa = PBXGroup;
			children = (
				6EE81FBF1A2425CE002E93C7 /* Delivry */,
				2C2BC6671A5C62C9001905F4 /* Stripe */,
				6EC5676A1A2917EF00F51EFF /* Frameworks */,
				6EE81FD91A2425CE002E93C7 /* DelivryTests */,
				6EE81FBE1A2425CE002E93C7 /* Products */,
			);
			sourceTree = "<group>";
		};
		6EE81FBE1A2425CE002E93C7 /* Products */ = {
			isa = PBXGroup;
			children = (
				6EE81FBD1A2425CE002E93C7 /* Delivry.app */,
				6EE81FD61A2425CE002E93C7 /* DelivryTests.xctest */,
			);
			name = Products;
			sourceTree = "<group>";
		};
		6EE81FBF1A2425CE002E93C7 /* Delivry */ = {
			isa = PBXGroup;
			children = (
				6EE81FC41A2425CE002E93C7 /* AppDelegate.h */,
				6EE81FC51A2425CE002E93C7 /* AppDelegate.m */,
				6EC5677E1A2A630500F51EFF /* CreateRestaurantViewController.h */,
				6EC5677F1A2A630500F51EFF /* CreateRestaurantViewController.m */,
				6EE81FC71A2425CE002E93C7 /* MainViewController.h */,
				6EE81FC81A2425CE002E93C7 /* MainViewController.m */,
				6EE81FCA1A2425CE002E93C7 /* Main.storyboard */,
				6EC567771A29648200F51EFF /* HomeViewController.h */,
				6EC567781A29648300F51EFF /* HomeViewController.m */,
				6EC567711A29266F00F51EFF /* LogInViewController.h */,
				6EC567721A29266F00F51EFF /* LogInViewController.m */,
				6EC567741A29267E00F51EFF /* SignUpViewController.h */,
				6EC567751A29267E00F51EFF /* SignUpViewController.m */,
				6EE81FCD1A2425CE002E93C7 /* Images.xcassets */,
				6EE81FCF1A2425CE002E93C7 /* LaunchScreen.xib */,
				6EE81FC01A2425CE002E93C7 /* Supporting Files */,
				6EC5676B1A2919CA00F51EFF /* User.h */,
				6EC5676C1A2919CA00F51EFF /* User.m */,
				6EC5676E1A2919DE00F51EFF /* Restaurant.h */,
				6EC5676F1A2919DE00F51EFF /* Restaurant.m */,
				7AD9FA951A4B4F210021611D /* RestaurantTableViewController.h */,
				7AD9FA961A4B4F210021611D /* RestaurantTableViewController.m */,
				7A8932E71A4E6A050060AFC8 /* RestaurantTableViewCell.h */,
				7A8932E81A4E6A050060AFC8 /* RestaurantTableViewCell.m */,
				7A8932E91A4E6A050060AFC8 /* RestaurantTableViewCell.xib */,
				6E4F71931A4F808C004F47C0 /* RestaurantDetailViewController.h */,
				6E4F71941A4F808C004F47C0 /* RestaurantDetailViewController.m */,
				6E1B31621A51F34F002A7C8C /* AboutMeViewController.h */,
				6E1B31631A51F34F002A7C8C /* AboutMeViewController.m */,
				6E0D2FB81A534D1000F1D271 /* PFUser+CurrentInformation.h */,
				6E0D2FB91A534D1000F1D271 /* PFUser+CurrentInformation.m */,
				2C0C0B2E1A5661AE004A0C6C /* MapViewController.h */,
				2C0C0B2F1A5661AE004A0C6C /* MapViewController.m */,
				2C0C0B381A5883B5004A0C6C /* DEGeocodingServices.h */,
				2C68F4F81A588B18005A00FB /* DEGeocodingServices.m */,
			);
			path = Delivry;
			sourceTree = "<group>";
		};
		6EE81FC01A2425CE002E93C7 /* Supporting Files */ = {
			isa = PBXGroup;
			children = (
				6EE81FC11A2425CE002E93C7 /* Info.plist */,
				6EE81FC21A2425CE002E93C7 /* main.m */,
			);
			name = "Supporting Files";
			sourceTree = "<group>";
		};
		6EE81FD91A2425CE002E93C7 /* DelivryTests */ = {
			isa = PBXGroup;
			children = (
				6EE81FDC1A2425CE002E93C7 /* DelivryTests.m */,
				6EE81FDA1A2425CE002E93C7 /* Supporting Files */,
			);
			path = DelivryTests;
			sourceTree = "<group>";
		};
		6EE81FDA1A2425CE002E93C7 /* Supporting Files */ = {
			isa = PBXGroup;
			children = (
				6EE81FDB1A2425CE002E93C7 /* Info.plist */,
			);
			name = "Supporting Files";
			sourceTree = "<group>";
		};
/* End PBXGroup section */

/* Begin PBXNativeTarget section */
		6EE81FBC1A2425CD002E93C7 /* Delivry */ = {
			isa = PBXNativeTarget;
			buildConfigurationList = 6EE81FE01A2425CE002E93C7 /* Build configuration list for PBXNativeTarget "Delivry" */;
			buildPhases = (
				6EE81FB91A2425CD002E93C7 /* Sources */,
				6EE81FBA1A2425CD002E93C7 /* Frameworks */,
				6EE81FBB1A2425CD002E93C7 /* Resources */,
			);
			buildRules = (
			);
			dependencies = (
			);
			name = Delivry;
			productName = Delivry;
			productReference = 6EE81FBD1A2425CE002E93C7 /* Delivry.app */;
			productType = "com.apple.product-type.application";
		};
		6EE81FD51A2425CE002E93C7 /* DelivryTests */ = {
			isa = PBXNativeTarget;
			buildConfigurationList = 6EE81FE31A2425CE002E93C7 /* Build configuration list for PBXNativeTarget "DelivryTests" */;
			buildPhases = (
				6EE81FD21A2425CE002E93C7 /* Sources */,
				6EE81FD31A2425CE002E93C7 /* Frameworks */,
				6EE81FD41A2425CE002E93C7 /* Resources */,
			);
			buildRules = (
			);
			dependencies = (
				6EE81FD81A2425CE002E93C7 /* PBXTargetDependency */,
			);
			name = DelivryTests;
			productName = DelivryTests;
			productReference = 6EE81FD61A2425CE002E93C7 /* DelivryTests.xctest */;
			productType = "com.apple.product-type.bundle.unit-test";
		};
/* End PBXNativeTarget section */

/* Begin PBXProject section */
		6EE81FB51A2425CD002E93C7 /* Project object */ = {
			isa = PBXProject;
			attributes = {
				LastUpgradeCheck = 0610;
				ORGANIZATIONNAME = "Eddie Hou";
				TargetAttributes = {
					6EE81FBC1A2425CD002E93C7 = {
						CreatedOnToolsVersion = 6.1;
						DevelopmentTeam = 382D63R7AL;
					};
					6EE81FD51A2425CE002E93C7 = {
						CreatedOnToolsVersion = 6.1;
						DevelopmentTeam = 382D63R7AL;
						TestTargetID = 6EE81FBC1A2425CD002E93C7;
					};
				};
			};
			buildConfigurationList = 6EE81FB81A2425CD002E93C7 /* Build configuration list for PBXProject "Delivry" */;
			compatibilityVersion = "Xcode 3.2";
			developmentRegion = English;
			hasScannedForEncodings = 0;
			knownRegions = (
				en,
				Base,
			);
			mainGroup = 6EE81FB41A2425CD002E93C7;
			productRefGroup = 6EE81FBE1A2425CE002E93C7 /* Products */;
			projectDirPath = "";
			projectRoot = "";
			targets = (
				6EE81FBC1A2425CD002E93C7 /* Delivry */,
				6EE81FD51A2425CE002E93C7 /* DelivryTests */,
			);
		};
/* End PBXProject section */

/* Begin PBXResourcesBuildPhase section */
		6EE81FBB1A2425CD002E93C7 /* Resources */ = {
			isa = PBXResourcesBuildPhase;
			buildActionMask = 2147483647;
			files = (
				7A8932EB1A4E6A050060AFC8 /* RestaurantTableViewCell.xib in Resources */,
				6EE81FCC1A2425CE002E93C7 /* Main.storyboard in Resources */,
				6EE81FD11A2425CE002E93C7 /* LaunchScreen.xib in Resources */,
				6EE81FCE1A2425CE002E93C7 /* Images.xcassets in Resources */,
				2C0C0B2D1A54BF21004A0C6C /* GoogleMaps.bundle in Resources */,
			);
			runOnlyForDeploymentPostprocessing = 0;
		};
		6EE81FD41A2425CE002E93C7 /* Resources */ = {
			isa = PBXResourcesBuildPhase;
			buildActionMask = 2147483647;
			files = (
			);
			runOnlyForDeploymentPostprocessing = 0;
		};
/* End PBXResourcesBuildPhase section */

/* Begin PBXSourcesBuildPhase section */
		6EE81FB91A2425CD002E93C7 /* Sources */ = {
			isa = PBXSourcesBuildPhase;
			buildActionMask = 2147483647;
			files = (
				2C2BC67C1A5C62C9001905F4 /* Stripe+ApplePay.m in Sources */,
				2C2BC6821A5C62C9001905F4 /* StripeError.m in Sources */,
				7A8932EA1A4E6A050060AFC8 /* RestaurantTableViewCell.m in Sources */,
				6EC5676D1A2919CA00F51EFF /* User.m in Sources */,
				6EC567701A2919DE00F51EFF /* Restaurant.m in Sources */,
				7AD9FA971A4B4F210021611D /* RestaurantTableViewController.m in Sources */,
				2C2BC6801A5C62C9001905F4 /* STPToken.m in Sources */,
				6E4F71951A4F808C004F47C0 /* RestaurantDetailViewController.m in Sources */,
				2C2BC67D1A5C62C9001905F4 /* STPAPIClient.m in Sources */,
				6EC567731A29266F00F51EFF /* LogInViewController.m in Sources */,
				6EE81FC91A2425CE002E93C7 /* MainViewController.m in Sources */,
				6EE81FC61A2425CE002E93C7 /* AppDelegate.m in Sources */,
				2C2BC6811A5C62C9001905F4 /* Stripe.m in Sources */,
				6E0D2FBA1A534D1000F1D271 /* PFUser+CurrentInformation.m in Sources */,
				6EC567761A29267E00F51EFF /* SignUpViewController.m in Sources */,
				2C2BC67F1A5C62C9001905F4 /* STPCard.m in Sources */,
				6EC567801A2A630500F51EFF /* CreateRestaurantViewController.m in Sources */,
				6EE81FC31A2425CE002E93C7 /* main.m in Sources */,
				2C68F4F91A588B18005A00FB /* DEGeocodingServices.m in Sources */,
				2C0C0B301A5661AE004A0C6C /* MapViewController.m in Sources */,
				2C2BC67B1A5C62C9001905F4 /* STPAPIClient+ApplePay.m in Sources */,
				6EC567791A29648300F51EFF /* HomeViewController.m in Sources */,
				6E1B31641A51F34F002A7C8C /* AboutMeViewController.m in Sources */,
				2C2BC67E1A5C62C9001905F4 /* STPBankAccount.m in Sources */,
			);
			runOnlyForDeploymentPostprocessing = 0;
		};
		6EE81FD21A2425CE002E93C7 /* Sources */ = {
			isa = PBXSourcesBuildPhase;
			buildActionMask = 2147483647;
			files = (
				6EE81FDD1A2425CE002E93C7 /* DelivryTests.m in Sources */,
			);
			runOnlyForDeploymentPostprocessing = 0;
		};
/* End PBXSourcesBuildPhase section */

/* Begin PBXTargetDependency section */
		6EE81FD81A2425CE002E93C7 /* PBXTargetDependency */ = {
			isa = PBXTargetDependency;
			target = 6EE81FBC1A2425CD002E93C7 /* Delivry */;
			targetProxy = 6EE81FD71A2425CE002E93C7 /* PBXContainerItemProxy */;
		};
/* End PBXTargetDependency section */

/* Begin PBXVariantGroup section */
		6EE81FCA1A2425CE002E93C7 /* Main.storyboard */ = {
			isa = PBXVariantGroup;
			children = (
				6EE81FCB1A2425CE002E93C7 /* Base */,
			);
			name = Main.storyboard;
			sourceTree = "<group>";
		};
		6EE81FCF1A2425CE002E93C7 /* LaunchScreen.xib */ = {
			isa = PBXVariantGroup;
			children = (
				6EE81FD01A2425CE002E93C7 /* Base */,
			);
			name = LaunchScreen.xib;
			sourceTree = "<group>";
		};
/* End PBXVariantGroup section */

/* Begin XCBuildConfiguration section */
		6EE81FDE1A2425CE002E93C7 /* Debug */ = {
			isa = XCBuildConfiguration;
			buildSettings = {
				ALWAYS_SEARCH_USER_PATHS = NO;
				CLANG_CXX_LANGUAGE_STANDARD = "gnu++0x";
				CLANG_CXX_LIBRARY = "libc++";
				CLANG_ENABLE_MODULES = YES;
				CLANG_ENABLE_OBJC_ARC = YES;
				CLANG_WARN_BOOL_CONVERSION = YES;
				CLANG_WARN_CONSTANT_CONVERSION = YES;
				CLANG_WARN_DIRECT_OBJC_ISA_USAGE = YES_ERROR;
				CLANG_WARN_EMPTY_BODY = YES;
				CLANG_WARN_ENUM_CONVERSION = YES;
				CLANG_WARN_INT_CONVERSION = YES;
				CLANG_WARN_OBJC_ROOT_CLASS = YES_ERROR;
				CLANG_WARN_UNREACHABLE_CODE = YES;
				CLANG_WARN__DUPLICATE_METHOD_MATCH = YES;
				"CODE_SIGN_IDENTITY[sdk=iphoneos*]" = "iPhone Developer";
				COPY_PHASE_STRIP = NO;
				ENABLE_STRICT_OBJC_MSGSEND = YES;
				GCC_C_LANGUAGE_STANDARD = gnu99;
				GCC_DYNAMIC_NO_PIC = NO;
				GCC_OPTIMIZATION_LEVEL = 0;
				GCC_PREPROCESSOR_DEFINITIONS = (
					"DEBUG=1",
					"$(inherited)",
				);
				GCC_SYMBOLS_PRIVATE_EXTERN = NO;
				GCC_WARN_64_TO_32_BIT_CONVERSION = YES;
				GCC_WARN_ABOUT_RETURN_TYPE = YES_ERROR;
				GCC_WARN_UNDECLARED_SELECTOR = YES;
				GCC_WARN_UNINITIALIZED_AUTOS = YES_AGGRESSIVE;
				GCC_WARN_UNUSED_FUNCTION = YES;
				GCC_WARN_UNUSED_VARIABLE = YES;
				IPHONEOS_DEPLOYMENT_TARGET = 8.1;
				MTL_ENABLE_DEBUG_INFO = YES;
				ONLY_ACTIVE_ARCH = YES;
				OTHER_LDFLAGS = "-ObjC";
				SDKROOT = iphoneos;
			};
			name = Debug;
		};
		6EE81FDF1A2425CE002E93C7 /* Release */ = {
			isa = XCBuildConfiguration;
			buildSettings = {
				ALWAYS_SEARCH_USER_PATHS = NO;
				CLANG_CXX_LANGUAGE_STANDARD = "gnu++0x";
				CLANG_CXX_LIBRARY = "libc++";
				CLANG_ENABLE_MODULES = YES;
				CLANG_ENABLE_OBJC_ARC = YES;
				CLANG_WARN_BOOL_CONVERSION = YES;
				CLANG_WARN_CONSTANT_CONVERSION = YES;
				CLANG_WARN_DIRECT_OBJC_ISA_USAGE = YES_ERROR;
				CLANG_WARN_EMPTY_BODY = YES;
				CLANG_WARN_ENUM_CONVERSION = YES;
				CLANG_WARN_INT_CONVERSION = YES;
				CLANG_WARN_OBJC_ROOT_CLASS = YES_ERROR;
				CLANG_WARN_UNREACHABLE_CODE = YES;
				CLANG_WARN__DUPLICATE_METHOD_MATCH = YES;
				"CODE_SIGN_IDENTITY[sdk=iphoneos*]" = "iPhone Developer";
				COPY_PHASE_STRIP = YES;
				ENABLE_NS_ASSERTIONS = NO;
				ENABLE_STRICT_OBJC_MSGSEND = YES;
				GCC_C_LANGUAGE_STANDARD = gnu99;
				GCC_WARN_64_TO_32_BIT_CONVERSION = YES;
				GCC_WARN_ABOUT_RETURN_TYPE = YES_ERROR;
				GCC_WARN_UNDECLARED_SELECTOR = YES;
				GCC_WARN_UNINITIALIZED_AUTOS = YES_AGGRESSIVE;
				GCC_WARN_UNUSED_FUNCTION = YES;
				GCC_WARN_UNUSED_VARIABLE = YES;
				IPHONEOS_DEPLOYMENT_TARGET = 8.1;
				MTL_ENABLE_DEBUG_INFO = NO;
				OTHER_LDFLAGS = "-ObjC";
				SDKROOT = iphoneos;
				VALIDATE_PRODUCT = YES;
			};
			name = Release;
		};
		6EE81FE11A2425CE002E93C7 /* Debug */ = {
			isa = XCBuildConfiguration;
			buildSettings = {
				ASSETCATALOG_COMPILER_APPICON_NAME = AppIcon;
				FRAMEWORK_SEARCH_PATHS = (
					"$(inherited)",
					"$(PROJECT_DIR)/Delivry",
					"$(PROJECT_DIR)",
				);
				INFOPLIST_FILE = Delivry/Info.plist;
				LD_RUNPATH_SEARCH_PATHS = "$(inherited) @executable_path/Frameworks";
				PRODUCT_NAME = "$(TARGET_NAME)";
			};
			name = Debug;
		};
		6EE81FE21A2425CE002E93C7 /* Release */ = {
			isa = XCBuildConfiguration;
			buildSettings = {
				ASSETCATALOG_COMPILER_APPICON_NAME = AppIcon;
				FRAMEWORK_SEARCH_PATHS = (
					"$(inherited)",
					"$(PROJECT_DIR)/Delivry",
					"$(PROJECT_DIR)",
				);
				INFOPLIST_FILE = Delivry/Info.plist;
				LD_RUNPATH_SEARCH_PATHS = "$(inherited) @executable_path/Frameworks";
				PRODUCT_NAME = "$(TARGET_NAME)";
			};
			name = Release;
		};
		6EE81FE41A2425CE002E93C7 /* Debug */ = {
			isa = XCBuildConfiguration;
			buildSettings = {
				BUNDLE_LOADER = "$(TEST_HOST)";
				CODE_SIGN_IDENTITY = "iPhone Developer";
				"CODE_SIGN_IDENTITY[sdk=iphoneos*]" = "iPhone Developer";
				FRAMEWORK_SEARCH_PATHS = (
					"$(SDKROOT)/Developer/Library/Frameworks",
					"$(inherited)",
				);
				GCC_PREPROCESSOR_DEFINITIONS = (
					"DEBUG=1",
					"$(inherited)",
				);
				INFOPLIST_FILE = DelivryTests/Info.plist;
				LD_RUNPATH_SEARCH_PATHS = "$(inherited) @executable_path/Frameworks @loader_path/Frameworks";
				PRODUCT_NAME = "$(TARGET_NAME)";
				PROVISIONING_PROFILE = "";
				TEST_HOST = "$(BUILT_PRODUCTS_DIR)/Delivry.app/Delivry";
			};
			name = Debug;
		};
		6EE81FE51A2425CE002E93C7 /* Release */ = {
			isa = XCBuildConfiguration;
			buildSettings = {
				BUNDLE_LOADER = "$(TEST_HOST)";
				CODE_SIGN_IDENTITY = "iPhone Developer";
				"CODE_SIGN_IDENTITY[sdk=iphoneos*]" = "iPhone Developer";
				FRAMEWORK_SEARCH_PATHS = (
					"$(SDKROOT)/Developer/Library/Frameworks",
					"$(inherited)",
				);
				INFOPLIST_FILE = DelivryTests/Info.plist;
				LD_RUNPATH_SEARCH_PATHS = "$(inherited) @executable_path/Frameworks @loader_path/Frameworks";
				PRODUCT_NAME = "$(TARGET_NAME)";
				PROVISIONING_PROFILE = "";
				TEST_HOST = "$(BUILT_PRODUCTS_DIR)/Delivry.app/Delivry";
			};
			name = Release;
		};
/* End XCBuildConfiguration section */

/* Begin XCConfigurationList section */
		6EE81FB81A2425CD002E93C7 /* Build configuration list for PBXProject "Delivry" */ = {
			isa = XCConfigurationList;
			buildConfigurations = (
				6EE81FDE1A2425CE002E93C7 /* Debug */,
				6EE81FDF1A2425CE002E93C7 /* Release */,
			);
			defaultConfigurationIsVisible = 0;
			defaultConfigurationName = Release;
		};
		6EE81FE01A2425CE002E93C7 /* Build configuration list for PBXNativeTarget "Delivry" */ = {
			isa = XCConfigurationList;
			buildConfigurations = (
				6EE81FE11A2425CE002E93C7 /* Debug */,
				6EE81FE21A2425CE002E93C7 /* Release */,
			);
			defaultConfigurationIsVisible = 0;
			defaultConfigurationName = Release;
		};
		6EE81FE31A2425CE002E93C7 /* Build configuration list for PBXNativeTarget "DelivryTests" */ = {
			isa = XCConfigurationList;
			buildConfigurations = (
				6EE81FE41A2425CE002E93C7 /* Debug */,
				6EE81FE51A2425CE002E93C7 /* Release */,
			);
			defaultConfigurationIsVisible = 0;
			defaultConfigurationName = Release;
		};
/* End XCConfigurationList section */
	};
	rootObject = 6EE81FB51A2425CD002E93C7 /* Project object */;
}
